
Microsoft Visual Studio Solution File, Format Version 12.00
# Visual Studio 15
VisualStudioVersion = 15.0.27004.2002
MinimumVisualStudioVersion = 10.0.40219.1
Project("{FAE04EC0-301F-11D3-BF4B-00C04F79EFBC}") = "Task1", "Task1\Task1.csproj", "{28B1453F-E474-48C3-8ED4-4E61CA7DA8B6}"
EndProject
Project("{FAE04EC0-301F-11D3-BF4B-00C04F79EFBC}") = "Task2", "Task2\Task2.csproj", "{1429D56C-9D2C-4078-AA28-502CDDB757B8}"
EndProject
Global
	GlobalSection(SolutionConfigurationPlatforms) = preSolution
		Debug|Any CPU = Debug|Any CPU
		Release|Any CPU = Release|Any CPU
	EndGlobalSection
	GlobalSection(ProjectConfigurationPlatforms) = postSolution
		{28B1453F-E474-48C3-8ED4-4E61CA7DA8B6}.Debug|Any CPU.ActiveCfg = Debug|Any CPU
		{28B1453F-E474-48C3-8ED4-4E61CA7DA8B6}.Debug|Any CPU.Build.0 = Debug|Any CPU
		{28B1453F-E474-48C3-8ED4-4E61CA7DA8B6}.Release|Any CPU.ActiveCfg = Release|Any CPU
		{28B1453F-E474-48C3-8ED4-4E61CA7DA8B6}.Release|Any CPU.Build.0 = Release|Any CPU
		{1429D56C-9D2C-4078-AA28-502CDDB757B8}.Debug|Any CPU.ActiveCfg = Debug|Any CPU
		{1429D56C-9D2C-4078-AA28-502CDDB757B8}.Debug|Any CPU.Build.0 = Debug|Any CPU
		{1429D56C-9D2C-4078-AA28-502CDDB757B8}.Release|Any CPU.ActiveCfg = Release|Any CPU
		{1429D56C-9D2C-4078-AA28-502CDDB757B8}.Release|Any CPU.Build.0 = Release|Any CPU
	EndGlobalSection
	GlobalSection(SolutionProperties) = preSolution
		HideSolutionNode = FALSE
	EndGlobalSection
	GlobalSection(ExtensibilityGlobals) = postSolution
		SolutionGuid = {32F81AAB-C8DC-4859-A847-AFC7413F4B4F}
	EndGlobalSection
EndGlobal
