
Microsoft Visual Studio Solution File, Format Version 12.00
# Visual Studio 15
VisualStudioVersion = 15.0.27004.2002
MinimumVisualStudioVersion = 10.0.40219.1
Project("{FAE04EC0-301F-11D3-BF4B-00C04F79EFBC}") = "Task1", "Task1\Task1.csproj", "{F53E6742-FCC7-42E6-9290-5BF842B029EF}"
EndProject
Project("{FAE04EC0-301F-11D3-BF4B-00C04F79EFBC}") = "MyNewLib", "MyNewLib\MyNewLib.csproj", "{7A456857-6F9C-47F9-979F-F783896FAD25}"
EndProject
Project("{FAE04EC0-301F-11D3-BF4B-00C04F79EFBC}") = "Task2", "Task2\Task2.csproj", "{9BB7166E-F108-4163-B379-84093D8D76E2}"
EndProject
Project("{FAE04EC0-301F-11D3-BF4B-00C04F79EFBC}") = "Task3", "Task3\Task3.csproj", "{D615C6E8-9FA7-4D98-849D-2D2E268C934E}"
EndProject
Global
	GlobalSection(SolutionConfigurationPlatforms) = preSolution
		Debug|Any CPU = Debug|Any CPU
		Release|Any CPU = Release|Any CPU
	EndGlobalSection
	GlobalSection(ProjectConfigurationPlatforms) = postSolution
		{F53E6742-FCC7-42E6-9290-5BF842B029EF}.Debug|Any CPU.ActiveCfg = Debug|Any CPU
		{F53E6742-FCC7-42E6-9290-5BF842B029EF}.Debug|Any CPU.Build.0 = Debug|Any CPU
		{F53E6742-FCC7-42E6-9290-5BF842B029EF}.Release|Any CPU.ActiveCfg = Release|Any CPU
		{F53E6742-FCC7-42E6-9290-5BF842B029EF}.Release|Any CPU.Build.0 = Release|Any CPU
		{7A456857-6F9C-47F9-979F-F783896FAD25}.Debug|Any CPU.ActiveCfg = Debug|Any CPU
		{7A456857-6F9C-47F9-979F-F783896FAD25}.Debug|Any CPU.Build.0 = Debug|Any CPU
		{7A456857-6F9C-47F9-979F-F783896FAD25}.Release|Any CPU.ActiveCfg = Release|Any CPU
		{7A456857-6F9C-47F9-979F-F783896FAD25}.Release|Any CPU.Build.0 = Release|Any CPU
		{9BB7166E-F108-4163-B379-84093D8D76E2}.Debug|Any CPU.ActiveCfg = Debug|Any CPU
		{9BB7166E-F108-4163-B379-84093D8D76E2}.Debug|Any CPU.Build.0 = Debug|Any CPU
		{9BB7166E-F108-4163-B379-84093D8D76E2}.Release|Any CPU.ActiveCfg = Release|Any CPU
		{9BB7166E-F108-4163-B379-84093D8D76E2}.Release|Any CPU.Build.0 = Release|Any CPU
		{D615C6E8-9FA7-4D98-849D-2D2E268C934E}.Debug|Any CPU.ActiveCfg = Debug|Any CPU
		{D615C6E8-9FA7-4D98-849D-2D2E268C934E}.Debug|Any CPU.Build.0 = Debug|Any CPU
		{D615C6E8-9FA7-4D98-849D-2D2E268C934E}.Release|Any CPU.ActiveCfg = Release|Any CPU
		{D615C6E8-9FA7-4D98-849D-2D2E268C934E}.Release|Any CPU.Build.0 = Release|Any CPU
	EndGlobalSection
	GlobalSection(SolutionProperties) = preSolution
		HideSolutionNode = FALSE
	EndGlobalSection
	GlobalSection(ExtensibilityGlobals) = postSolution
		SolutionGuid = {1046F33C-1182-4ED4-84C2-9DA0FD1F74BB}
	EndGlobalSection
EndGlobal
