
Microsoft Visual Studio Solution File, Format Version 12.00
# Visual Studio 2013
VisualStudioVersion = 12.0.31101.0
MinimumVisualStudioVersion = 10.0.40219.1
Project("{FAE04EC0-301F-11D3-BF4B-00C04F79EFBC}") = "Task1", "Task1\Task1.csproj", "{7BFA84FB-9258-4712-B93E-DB27C3180F5C}"
EndProject
Project("{FAE04EC0-301F-11D3-BF4B-00C04F79EFBC}") = "Task2", "Task2\Task2.csproj", "{5B34FADA-710F-4974-81C9-FD86C952D201}"
EndProject
Project("{FAE04EC0-301F-11D3-BF4B-00C04F79EFBC}") = "Task3", "Task3\Task3.csproj", "{46B984ED-7311-4B1D-8360-39F9F3B0048A}"
EndProject
Project("{FAE04EC0-301F-11D3-BF4B-00C04F79EFBC}") = "Task4", "Task4\Task4.csproj", "{56AFE8CF-6C28-486B-8EBE-0AE0676C1C00}"
EndProject
Global
	GlobalSection(SolutionConfigurationPlatforms) = preSolution
		Debug|Any CPU = Debug|Any CPU
		Release|Any CPU = Release|Any CPU
	EndGlobalSection
	GlobalSection(ProjectConfigurationPlatforms) = postSolution
		{7BFA84FB-9258-4712-B93E-DB27C3180F5C}.Debug|Any CPU.ActiveCfg = Debug|Any CPU
		{7BFA84FB-9258-4712-B93E-DB27C3180F5C}.Debug|Any CPU.Build.0 = Debug|Any CPU
		{7BFA84FB-9258-4712-B93E-DB27C3180F5C}.Release|Any CPU.ActiveCfg = Release|Any CPU
		{7BFA84FB-9258-4712-B93E-DB27C3180F5C}.Release|Any CPU.Build.0 = Release|Any CPU
		{5B34FADA-710F-4974-81C9-FD86C952D201}.Debug|Any CPU.ActiveCfg = Debug|Any CPU
		{5B34FADA-710F-4974-81C9-FD86C952D201}.Debug|Any CPU.Build.0 = Debug|Any CPU
		{5B34FADA-710F-4974-81C9-FD86C952D201}.Release|Any CPU.ActiveCfg = Release|Any CPU
		{5B34FADA-710F-4974-81C9-FD86C952D201}.Release|Any CPU.Build.0 = Release|Any CPU
		{46B984ED-7311-4B1D-8360-39F9F3B0048A}.Debug|Any CPU.ActiveCfg = Debug|Any CPU
		{46B984ED-7311-4B1D-8360-39F9F3B0048A}.Debug|Any CPU.Build.0 = Debug|Any CPU
		{46B984ED-7311-4B1D-8360-39F9F3B0048A}.Release|Any CPU.ActiveCfg = Release|Any CPU
		{46B984ED-7311-4B1D-8360-39F9F3B0048A}.Release|Any CPU.Build.0 = Release|Any CPU
		{56AFE8CF-6C28-486B-8EBE-0AE0676C1C00}.Debug|Any CPU.ActiveCfg = Debug|Any CPU
		{56AFE8CF-6C28-486B-8EBE-0AE0676C1C00}.Debug|Any CPU.Build.0 = Debug|Any CPU
		{56AFE8CF-6C28-486B-8EBE-0AE0676C1C00}.Release|Any CPU.ActiveCfg = Release|Any CPU
		{56AFE8CF-6C28-486B-8EBE-0AE0676C1C00}.Release|Any CPU.Build.0 = Release|Any CPU
	EndGlobalSection
	GlobalSection(SolutionProperties) = preSolution
		HideSolutionNode = FALSE
	EndGlobalSection
EndGlobal
