
Microsoft Visual Studio Solution File, Format Version 12.00
# Visual Studio 15
VisualStudioVersion = 15.0.27004.2002
MinimumVisualStudioVersion = 10.0.40219.1
Project("{FAE04EC0-301F-11D3-BF4B-00C04F79EFBC}") = "Task1", "Task1\Task1.csproj", "{810DA7CD-5C6F-4021-847D-DA357ED2D5F2}"
EndProject
Project("{FAE04EC0-301F-11D3-BF4B-00C04F79EFBC}") = "Task2", "Task2\Task2.csproj", "{8D52420D-CBE2-4395-8B2A-FA6E6FA3EF25}"
EndProject
Project("{FAE04EC0-301F-11D3-BF4B-00C04F79EFBC}") = "Task3", "Task3\Task3.csproj", "{2F25616D-78D8-4B0D-8224-C8EC320AD5F5}"
EndProject
Global
	GlobalSection(SolutionConfigurationPlatforms) = preSolution
		Debug|Any CPU = Debug|Any CPU
		Release|Any CPU = Release|Any CPU
	EndGlobalSection
	GlobalSection(ProjectConfigurationPlatforms) = postSolution
		{810DA7CD-5C6F-4021-847D-DA357ED2D5F2}.Debug|Any CPU.ActiveCfg = Debug|Any CPU
		{810DA7CD-5C6F-4021-847D-DA357ED2D5F2}.Debug|Any CPU.Build.0 = Debug|Any CPU
		{810DA7CD-5C6F-4021-847D-DA357ED2D5F2}.Release|Any CPU.ActiveCfg = Release|Any CPU
		{810DA7CD-5C6F-4021-847D-DA357ED2D5F2}.Release|Any CPU.Build.0 = Release|Any CPU
		{8D52420D-CBE2-4395-8B2A-FA6E6FA3EF25}.Debug|Any CPU.ActiveCfg = Debug|Any CPU
		{8D52420D-CBE2-4395-8B2A-FA6E6FA3EF25}.Debug|Any CPU.Build.0 = Debug|Any CPU
		{8D52420D-CBE2-4395-8B2A-FA6E6FA3EF25}.Release|Any CPU.ActiveCfg = Release|Any CPU
		{8D52420D-CBE2-4395-8B2A-FA6E6FA3EF25}.Release|Any CPU.Build.0 = Release|Any CPU
		{2F25616D-78D8-4B0D-8224-C8EC320AD5F5}.Debug|Any CPU.ActiveCfg = Debug|Any CPU
		{2F25616D-78D8-4B0D-8224-C8EC320AD5F5}.Debug|Any CPU.Build.0 = Debug|Any CPU
		{2F25616D-78D8-4B0D-8224-C8EC320AD5F5}.Release|Any CPU.ActiveCfg = Release|Any CPU
		{2F25616D-78D8-4B0D-8224-C8EC320AD5F5}.Release|Any CPU.Build.0 = Release|Any CPU
	EndGlobalSection
	GlobalSection(SolutionProperties) = preSolution
		HideSolutionNode = FALSE
	EndGlobalSection
	GlobalSection(ExtensibilityGlobals) = postSolution
		SolutionGuid = {055B5E78-DCCA-4793-A2AD-6D3F517CCA6A}
	EndGlobalSection
EndGlobal
